{
  "version": 4,
  "terraform_version": "0.12.19",
  "serial": 20,
  "lineage": "8184956c-8238-2269-d341-66d927d219ae",
  "outputs": {},
  "resources": [
    {
      "module": "module.app",
      "mode": "managed",
      "type": "google_compute_instance",
      "name": "app",
      "provider": "provider.google",
      "instances": []
    },
    {
      "module": "module.db",
      "mode": "managed",
      "type": "google_compute_instance",
      "name": "db",
      "provider": "provider.google",
      "instances": [
        {
          "schema_version": 6,
          "attributes": {
            "allow_stopping_for_update": null,
            "attached_disk": [],
            "boot_disk": [
              {
                "auto_delete": true,
                "device_name": "persistent-disk-0",
                "disk_encryption_key_raw": "",
                "disk_encryption_key_sha256": "",
                "initialize_params": [
                  {
                    "image": "https://www.googleapis.com/compute/v1/projects/oceanic-monitor-262408/global/images/reddit-db-base",
                    "labels": {},
                    "size": 10,
                    "type": "pd-standard"
                  }
                ],
                "kms_key_self_link": "",
                "mode": "READ_WRITE",
                "source": "https://www.googleapis.com/compute/v1/projects/oceanic-monitor-262408/zones/europe-west1-b/disks/reddit-db"
              }
            ],
            "can_ip_forward": false,
            "cpu_platform": "Intel Haswell",
            "deletion_protection": false,
            "description": "",
            "disk": [],
            "guest_accelerator": [],
            "hostname": "",
            "id": "reddit-db",
            "instance_id": "4950367805603589125",
            "label_fingerprint": "42WmSpB8rSM=",
            "labels": null,
            "machine_type": "g1-small",
            "metadata": {
              "ssh-keys": "Ganhart:ssh-rsa AAAAB3NzaC1yc2EAAAADAQABAAABAQCvSWuF+sXhOQveU374Oll9l9QfUYxOvr5CuxSMp7oSc4oKF23YXHFv+t5IdEaQDiaFjSCP7DLxWeZsFhSTouFEanmlUaXe8oYpRTvcE8MP5DKiyN37X/DJX23od8xWhXHH8OYvPD8OFS8aR+PCIbjaS3eu/i1mUkrQ2KZZIQZcI8aee/ahJ5dry0XoidXEMYh+g8h0MWXYfjxbs3RUqlJjbwODl6BqCpoOdQ5NPmN+Hg3oyWjpUNeVrX9nQ4Ab+gj4niVDxrLtEukif2YpZXUGBX8xk/oLAst2kSFmZHFI7KLZSIkRLK7M54RHH7YUU0lEhdGpNV9tGiXS1kLi+fHP Ganhart\n"
            },
            "metadata_fingerprint": "ioxqSRR0YVc=",
            "metadata_startup_script": "",
            "min_cpu_platform": "",
            "name": "reddit-db",
            "network_interface": [
              {
                "access_config": [
                  {
                    "assigned_nat_ip": "",
                    "nat_ip": "34.77.94.13",
                    "network_tier": "PREMIUM",
                    "public_ptr_domain_name": ""
                  }
                ],
                "address": "",
                "alias_ip_range": [],
                "name": "nic0",
                "network": "https://www.googleapis.com/compute/v1/projects/oceanic-monitor-262408/global/networks/default",
                "network_ip": "10.132.0.41",
                "subnetwork": "https://www.googleapis.com/compute/v1/projects/oceanic-monitor-262408/regions/europe-west1/subnetworks/default",
                "subnetwork_project": "oceanic-monitor-262408"
              }
            ],
            "project": "oceanic-monitor-262408",
            "scheduling": [
              {
                "automatic_restart": true,
                "node_affinities": [],
                "on_host_maintenance": "MIGRATE",
                "preemptible": false
              }
            ],
            "scratch_disk": [],
            "self_link": "https://www.googleapis.com/compute/v1/projects/oceanic-monitor-262408/zones/europe-west1-b/instances/reddit-db",
            "service_account": [],
            "shielded_instance_config": [],
            "tags": [
              "reddit-db"
            ],
            "tags_fingerprint": "NQyRUqL7UTU=",
            "timeouts": null,
            "zone": "europe-west1-b"
          },
          "private": "eyJlMmJmYjczMC1lY2FhLTExZTYtOGY4OC0zNDM2M2JjN2M0YzAiOnsiY3JlYXRlIjoxMjAwMDAwMDAwMDAwLCJkZWxldGUiOjEyMDAwMDAwMDAwMDAsInVwZGF0ZSI6MTIwMDAwMDAwMDAwMH0sInNjaGVtYV92ZXJzaW9uIjoiNiJ9"
        }
      ]
    }
  ]
}
